
Microsoft Visual Studio Solution File, Format Version 12.00
# Visual Studio Version 17
VisualStudioVersion = 17.3.32929.385
MinimumVisualStudioVersion = 10.0.40219.1
Project("{9A19103F-16F7-4668-BE54-9A1E7A4F7556}") = "DefaultExchangeProducer", "RabbitMQTest\DefaultExchangeProducer.csproj", "{2918C41F-D8A0-479C-9E8F-F74ECADD87C7}"
EndProject
Project("{FAE04EC0-301F-11D3-BF4B-00C04F79EFBC}") = "DefaultExchangeConsumer", "DefaultExchangeConsumer\DefaultExchangeConsumer.csproj", "{1270ACF3-6C3F-4BE3-BD55-3639E3B72571}"
EndProject
Project("{FAE04EC0-301F-11D3-BF4B-00C04F79EFBC}") = "DirectExchangeProducer", "DirectExchangeProducer\DirectExchangeProducer.csproj", "{5E3F98E9-F788-4518-9F73-AA0862DC16DC}"
EndProject
Project("{FAE04EC0-301F-11D3-BF4B-00C04F79EFBC}") = "DirectExchangeConsumerError", "DirectExchangeConsumerError\DirectExchangeConsumerError.csproj", "{6F6B83F4-1349-48A8-8CB8-067B7150B171}"
EndProject
Project("{FAE04EC0-301F-11D3-BF4B-00C04F79EFBC}") = "DirectExchangeConsumerInfo", "DirectExchangeConsumerInfo\DirectExchangeConsumerInfo.csproj", "{D61B5295-59E7-44F7-B245-09B19A0983FE}"
EndProject
Project("{FAE04EC0-301F-11D3-BF4B-00C04F79EFBC}") = "DirectExchangeConsumerWarning", "DirectExchangeConsumerWarning\DirectExchangeConsumerWarning.csproj", "{865D54A7-63A4-4EF4-9DC2-4624E954EEA9}"
EndProject
Project("{FAE04EC0-301F-11D3-BF4B-00C04F79EFBC}") = "DirectExchangeConsumerCommon", "DirectExchangeConsumerCommon\DirectExchangeConsumerCommon.csproj", "{798BCD9F-B668-4291-BCAE-67FFC2D1F7A6}"
EndProject
Project("{FAE04EC0-301F-11D3-BF4B-00C04F79EFBC}") = "TopicExchangeProducer", "TopicExchangeProducer\TopicExchangeProducer.csproj", "{8C470F1E-49BA-4FEA-ADF8-616E42EE9130}"
EndProject
Project("{FAE04EC0-301F-11D3-BF4B-00C04F79EFBC}") = "TopicExchangeConsumerEcological", "TopicExchangeConsumerEcological\TopicExchangeConsumerEcological.csproj", "{DD115682-3BF3-41C6-89AF-2949A9DD07CF}"
EndProject
Project("{FAE04EC0-301F-11D3-BF4B-00C04F79EFBC}") = "TopicExchangeConsumerRed", "TopicExchangeConsumerRed\TopicExchangeConsumerRed.csproj", "{5960E67E-7E37-45DA-B6E8-88545AEA2C93}"
EndProject
Project("{FAE04EC0-301F-11D3-BF4B-00C04F79EFBC}") = "TopicExchangeConsumerTesla", "TopicExchangeConsumerTesla\TopicExchangeConsumerTesla.csproj", "{6F967C38-D84B-496F-B72D-4935E651E7A6}"
EndProject
Project("{FAE04EC0-301F-11D3-BF4B-00C04F79EFBC}") = "TopicExchangeConsumerExpensive", "TopicExchangeConsumerExpensive\TopicExchangeConsumerExpensive.csproj", "{831B509C-6CF5-4872-B4B7-CE9F62DE32BB}"
EndProject
Project("{FAE04EC0-301F-11D3-BF4B-00C04F79EFBC}") = "FanoutExchangeProducer", "FanoutExchangeProducer\FanoutExchangeProducer.csproj", "{3895BD46-F80E-4F28-B4A4-DD521474FD1F}"
EndProject
Project("{FAE04EC0-301F-11D3-BF4B-00C04F79EFBC}") = "FanoutExchangeConsumerBankCharger", "FanoutExchangeConsumerBankCharger\FanoutExchangeConsumerBankCharger.csproj", "{2D2AD961-76C7-439D-8741-1D1CBD00B7EA}"
EndProject
Project("{FAE04EC0-301F-11D3-BF4B-00C04F79EFBC}") = "FanoutExchangeConsumer.Tax", "FanoutExchangeConsumer.Tax\FanoutExchangeConsumer.Tax.csproj", "{3638BFC9-4215-4FB1-BB47-B5F18900A9B3}"
EndProject
Project("{FAE04EC0-301F-11D3-BF4B-00C04F79EFBC}") = "HeadersExchangeProducer", "HeadersExchangeProducer\HeadersExchangeProducer.csproj", "{2704AE9C-7EB6-4529-A56D-08CA8F8A8373}"
EndProject
Project("{FAE04EC0-301F-11D3-BF4B-00C04F79EFBC}") = "HeadersExchangeConsumerAllUsd", "HeadersExchangeConsumerAllUsd\HeadersExchangeConsumerAllUsd.csproj", "{0F73EB0E-5A37-48AC-BCBB-B0E61A3F06C7}"
EndProject
Project("{FAE04EC0-301F-11D3-BF4B-00C04F79EFBC}") = "HeadersExchangeConsumerAbroadUsd", "HeadersExchangeConsumerAbroadUsd\HeadersExchangeConsumerAbroadUsd.csproj", "{E9EE4EF9-62F6-4DC5-BB19-36A78937425E}"
EndProject
Project("{FAE04EC0-301F-11D3-BF4B-00C04F79EFBC}") = "HeadersExchangeConsumerInternalAll", "HeadersExchangeConsumerInternalAll\HeadersExchangeConsumerInternalAll.csproj", "{7BACCE64-E2A8-4F46-B9D2-9AEDC62FFF8C}"
EndProject
Global
	GlobalSection(SolutionConfigurationPlatforms) = preSolution
		Debug|Any CPU = Debug|Any CPU
		Release|Any CPU = Release|Any CPU
	EndGlobalSection
	GlobalSection(ProjectConfigurationPlatforms) = postSolution
		{2918C41F-D8A0-479C-9E8F-F74ECADD87C7}.Debug|Any CPU.ActiveCfg = Debug|Any CPU
		{2918C41F-D8A0-479C-9E8F-F74ECADD87C7}.Debug|Any CPU.Build.0 = Debug|Any CPU
		{2918C41F-D8A0-479C-9E8F-F74ECADD87C7}.Release|Any CPU.ActiveCfg = Release|Any CPU
		{2918C41F-D8A0-479C-9E8F-F74ECADD87C7}.Release|Any CPU.Build.0 = Release|Any CPU
		{1270ACF3-6C3F-4BE3-BD55-3639E3B72571}.Debug|Any CPU.ActiveCfg = Debug|Any CPU
		{1270ACF3-6C3F-4BE3-BD55-3639E3B72571}.Debug|Any CPU.Build.0 = Debug|Any CPU
		{1270ACF3-6C3F-4BE3-BD55-3639E3B72571}.Release|Any CPU.ActiveCfg = Release|Any CPU
		{1270ACF3-6C3F-4BE3-BD55-3639E3B72571}.Release|Any CPU.Build.0 = Release|Any CPU
		{5E3F98E9-F788-4518-9F73-AA0862DC16DC}.Debug|Any CPU.ActiveCfg = Debug|Any CPU
		{5E3F98E9-F788-4518-9F73-AA0862DC16DC}.Debug|Any CPU.Build.0 = Debug|Any CPU
		{5E3F98E9-F788-4518-9F73-AA0862DC16DC}.Release|Any CPU.ActiveCfg = Release|Any CPU
		{5E3F98E9-F788-4518-9F73-AA0862DC16DC}.Release|Any CPU.Build.0 = Release|Any CPU
		{6F6B83F4-1349-48A8-8CB8-067B7150B171}.Debug|Any CPU.ActiveCfg = Debug|Any CPU
		{6F6B83F4-1349-48A8-8CB8-067B7150B171}.Debug|Any CPU.Build.0 = Debug|Any CPU
		{6F6B83F4-1349-48A8-8CB8-067B7150B171}.Release|Any CPU.ActiveCfg = Release|Any CPU
		{6F6B83F4-1349-48A8-8CB8-067B7150B171}.Release|Any CPU.Build.0 = Release|Any CPU
		{D61B5295-59E7-44F7-B245-09B19A0983FE}.Debug|Any CPU.ActiveCfg = Debug|Any CPU
		{D61B5295-59E7-44F7-B245-09B19A0983FE}.Debug|Any CPU.Build.0 = Debug|Any CPU
		{D61B5295-59E7-44F7-B245-09B19A0983FE}.Release|Any CPU.ActiveCfg = Release|Any CPU
		{D61B5295-59E7-44F7-B245-09B19A0983FE}.Release|Any CPU.Build.0 = Release|Any CPU
		{865D54A7-63A4-4EF4-9DC2-4624E954EEA9}.Debug|Any CPU.ActiveCfg = Debug|Any CPU
		{865D54A7-63A4-4EF4-9DC2-4624E954EEA9}.Debug|Any CPU.Build.0 = Debug|Any CPU
		{865D54A7-63A4-4EF4-9DC2-4624E954EEA9}.Release|Any CPU.ActiveCfg = Release|Any CPU
		{865D54A7-63A4-4EF4-9DC2-4624E954EEA9}.Release|Any CPU.Build.0 = Release|Any CPU
		{798BCD9F-B668-4291-BCAE-67FFC2D1F7A6}.Debug|Any CPU.ActiveCfg = Debug|Any CPU
		{798BCD9F-B668-4291-BCAE-67FFC2D1F7A6}.Debug|Any CPU.Build.0 = Debug|Any CPU
		{798BCD9F-B668-4291-BCAE-67FFC2D1F7A6}.Release|Any CPU.ActiveCfg = Release|Any CPU
		{798BCD9F-B668-4291-BCAE-67FFC2D1F7A6}.Release|Any CPU.Build.0 = Release|Any CPU
		{8C470F1E-49BA-4FEA-ADF8-616E42EE9130}.Debug|Any CPU.ActiveCfg = Debug|Any CPU
		{8C470F1E-49BA-4FEA-ADF8-616E42EE9130}.Debug|Any CPU.Build.0 = Debug|Any CPU
		{8C470F1E-49BA-4FEA-ADF8-616E42EE9130}.Release|Any CPU.ActiveCfg = Release|Any CPU
		{8C470F1E-49BA-4FEA-ADF8-616E42EE9130}.Release|Any CPU.Build.0 = Release|Any CPU
		{DD115682-3BF3-41C6-89AF-2949A9DD07CF}.Debug|Any CPU.ActiveCfg = Debug|Any CPU
		{DD115682-3BF3-41C6-89AF-2949A9DD07CF}.Debug|Any CPU.Build.0 = Debug|Any CPU
		{DD115682-3BF3-41C6-89AF-2949A9DD07CF}.Release|Any CPU.ActiveCfg = Release|Any CPU
		{DD115682-3BF3-41C6-89AF-2949A9DD07CF}.Release|Any CPU.Build.0 = Release|Any CPU
		{5960E67E-7E37-45DA-B6E8-88545AEA2C93}.Debug|Any CPU.ActiveCfg = Debug|Any CPU
		{5960E67E-7E37-45DA-B6E8-88545AEA2C93}.Debug|Any CPU.Build.0 = Debug|Any CPU
		{5960E67E-7E37-45DA-B6E8-88545AEA2C93}.Release|Any CPU.ActiveCfg = Release|Any CPU
		{5960E67E-7E37-45DA-B6E8-88545AEA2C93}.Release|Any CPU.Build.0 = Release|Any CPU
		{6F967C38-D84B-496F-B72D-4935E651E7A6}.Debug|Any CPU.ActiveCfg = Debug|Any CPU
		{6F967C38-D84B-496F-B72D-4935E651E7A6}.Debug|Any CPU.Build.0 = Debug|Any CPU
		{6F967C38-D84B-496F-B72D-4935E651E7A6}.Release|Any CPU.ActiveCfg = Release|Any CPU
		{6F967C38-D84B-496F-B72D-4935E651E7A6}.Release|Any CPU.Build.0 = Release|Any CPU
		{831B509C-6CF5-4872-B4B7-CE9F62DE32BB}.Debug|Any CPU.ActiveCfg = Debug|Any CPU
		{831B509C-6CF5-4872-B4B7-CE9F62DE32BB}.Debug|Any CPU.Build.0 = Debug|Any CPU
		{831B509C-6CF5-4872-B4B7-CE9F62DE32BB}.Release|Any CPU.ActiveCfg = Release|Any CPU
		{831B509C-6CF5-4872-B4B7-CE9F62DE32BB}.Release|Any CPU.Build.0 = Release|Any CPU
		{3895BD46-F80E-4F28-B4A4-DD521474FD1F}.Debug|Any CPU.ActiveCfg = Debug|Any CPU
		{3895BD46-F80E-4F28-B4A4-DD521474FD1F}.Debug|Any CPU.Build.0 = Debug|Any CPU
		{3895BD46-F80E-4F28-B4A4-DD521474FD1F}.Release|Any CPU.ActiveCfg = Release|Any CPU
		{3895BD46-F80E-4F28-B4A4-DD521474FD1F}.Release|Any CPU.Build.0 = Release|Any CPU
		{2D2AD961-76C7-439D-8741-1D1CBD00B7EA}.Debug|Any CPU.ActiveCfg = Debug|Any CPU
		{2D2AD961-76C7-439D-8741-1D1CBD00B7EA}.Debug|Any CPU.Build.0 = Debug|Any CPU
		{2D2AD961-76C7-439D-8741-1D1CBD00B7EA}.Release|Any CPU.ActiveCfg = Release|Any CPU
		{2D2AD961-76C7-439D-8741-1D1CBD00B7EA}.Release|Any CPU.Build.0 = Release|Any CPU
		{3638BFC9-4215-4FB1-BB47-B5F18900A9B3}.Debug|Any CPU.ActiveCfg = Debug|Any CPU
		{3638BFC9-4215-4FB1-BB47-B5F18900A9B3}.Debug|Any CPU.Build.0 = Debug|Any CPU
		{3638BFC9-4215-4FB1-BB47-B5F18900A9B3}.Release|Any CPU.ActiveCfg = Release|Any CPU
		{3638BFC9-4215-4FB1-BB47-B5F18900A9B3}.Release|Any CPU.Build.0 = Release|Any CPU
		{2704AE9C-7EB6-4529-A56D-08CA8F8A8373}.Debug|Any CPU.ActiveCfg = Debug|Any CPU
		{2704AE9C-7EB6-4529-A56D-08CA8F8A8373}.Debug|Any CPU.Build.0 = Debug|Any CPU
		{2704AE9C-7EB6-4529-A56D-08CA8F8A8373}.Release|Any CPU.ActiveCfg = Release|Any CPU
		{2704AE9C-7EB6-4529-A56D-08CA8F8A8373}.Release|Any CPU.Build.0 = Release|Any CPU
		{0F73EB0E-5A37-48AC-BCBB-B0E61A3F06C7}.Debug|Any CPU.ActiveCfg = Debug|Any CPU
		{0F73EB0E-5A37-48AC-BCBB-B0E61A3F06C7}.Debug|Any CPU.Build.0 = Debug|Any CPU
		{0F73EB0E-5A37-48AC-BCBB-B0E61A3F06C7}.Release|Any CPU.ActiveCfg = Release|Any CPU
		{0F73EB0E-5A37-48AC-BCBB-B0E61A3F06C7}.Release|Any CPU.Build.0 = Release|Any CPU
		{E9EE4EF9-62F6-4DC5-BB19-36A78937425E}.Debug|Any CPU.ActiveCfg = Debug|Any CPU
		{E9EE4EF9-62F6-4DC5-BB19-36A78937425E}.Debug|Any CPU.Build.0 = Debug|Any CPU
		{E9EE4EF9-62F6-4DC5-BB19-36A78937425E}.Release|Any CPU.ActiveCfg = Release|Any CPU
		{E9EE4EF9-62F6-4DC5-BB19-36A78937425E}.Release|Any CPU.Build.0 = Release|Any CPU
		{7BACCE64-E2A8-4F46-B9D2-9AEDC62FFF8C}.Debug|Any CPU.ActiveCfg = Debug|Any CPU
		{7BACCE64-E2A8-4F46-B9D2-9AEDC62FFF8C}.Debug|Any CPU.Build.0 = Debug|Any CPU
		{7BACCE64-E2A8-4F46-B9D2-9AEDC62FFF8C}.Release|Any CPU.ActiveCfg = Release|Any CPU
		{7BACCE64-E2A8-4F46-B9D2-9AEDC62FFF8C}.Release|Any CPU.Build.0 = Release|Any CPU
	EndGlobalSection
	GlobalSection(SolutionProperties) = preSolution
		HideSolutionNode = FALSE
	EndGlobalSection
	GlobalSection(ExtensibilityGlobals) = postSolution
		SolutionGuid = {CB8F255A-CCCE-4DF5-86B8-650920D76214}
	EndGlobalSection
EndGlobal
